
Microsoft Visual Studio Solution File, Format Version 12.00
# Visual Studio Version 17
VisualStudioVersion = 17.14.36310.24
MinimumVisualStudioVersion = 10.0.40219.1
Project("{FAE04EC0-301F-11D3-BF4B-00C04F79EFBC}") = "WarehouseAPI.Presentation", "WarehouseAPI\WarehouseAPI.Presentation.csproj", "{28FF93F0-0422-47C6-86E8-55A5912D2F11}"
EndProject
Project("{FAE04EC0-301F-11D3-BF4B-00C04F79EFBC}") = "WarehouseAPI.Application", "WarehouseAPI.Application\WarehouseAPI.Application.csproj", "{D7A70C3A-0555-4837-B301-D62F9AE9B99D}"
EndProject
Project("{FAE04EC0-301F-11D3-BF4B-00C04F79EFBC}") = "WarehouseAPI.Domain", "WarehouseAPI.Domain\WarehouseAPI.Domain.csproj", "{59D95875-84A6-419C-8AC7-0DDFF7B2EAC1}"
EndProject
Project("{FAE04EC0-301F-11D3-BF4B-00C04F79EFBC}") = "WarehouseAPI.Infra.Data", "WarehouseAPI.Infra.Data\WarehouseAPI.Infra.Data.csproj", "{367EB893-63D9-4919-9616-FF9404E2E469}"
EndProject
Global
	GlobalSection(SolutionConfigurationPlatforms) = preSolution
		Debug|Any CPU = Debug|Any CPU
		Release|Any CPU = Release|Any CPU
	EndGlobalSection
	GlobalSection(ProjectConfigurationPlatforms) = postSolution
		{28FF93F0-0422-47C6-86E8-55A5912D2F11}.Debug|Any CPU.ActiveCfg = Debug|Any CPU
		{28FF93F0-0422-47C6-86E8-55A5912D2F11}.Debug|Any CPU.Build.0 = Debug|Any CPU
		{28FF93F0-0422-47C6-86E8-55A5912D2F11}.Release|Any CPU.ActiveCfg = Release|Any CPU
		{28FF93F0-0422-47C6-86E8-55A5912D2F11}.Release|Any CPU.Build.0 = Release|Any CPU
		{D7A70C3A-0555-4837-B301-D62F9AE9B99D}.Debug|Any CPU.ActiveCfg = Debug|Any CPU
		{D7A70C3A-0555-4837-B301-D62F9AE9B99D}.Debug|Any CPU.Build.0 = Debug|Any CPU
		{D7A70C3A-0555-4837-B301-D62F9AE9B99D}.Release|Any CPU.ActiveCfg = Release|Any CPU
		{D7A70C3A-0555-4837-B301-D62F9AE9B99D}.Release|Any CPU.Build.0 = Release|Any CPU
		{59D95875-84A6-419C-8AC7-0DDFF7B2EAC1}.Debug|Any CPU.ActiveCfg = Debug|Any CPU
		{59D95875-84A6-419C-8AC7-0DDFF7B2EAC1}.Debug|Any CPU.Build.0 = Debug|Any CPU
		{59D95875-84A6-419C-8AC7-0DDFF7B2EAC1}.Release|Any CPU.ActiveCfg = Release|Any CPU
		{59D95875-84A6-419C-8AC7-0DDFF7B2EAC1}.Release|Any CPU.Build.0 = Release|Any CPU
		{367EB893-63D9-4919-9616-FF9404E2E469}.Debug|Any CPU.ActiveCfg = Debug|Any CPU
		{367EB893-63D9-4919-9616-FF9404E2E469}.Debug|Any CPU.Build.0 = Debug|Any CPU
		{367EB893-63D9-4919-9616-FF9404E2E469}.Release|Any CPU.ActiveCfg = Release|Any CPU
		{367EB893-63D9-4919-9616-FF9404E2E469}.Release|Any CPU.Build.0 = Release|Any CPU
	EndGlobalSection
	GlobalSection(SolutionProperties) = preSolution
		HideSolutionNode = FALSE
	EndGlobalSection
	GlobalSection(ExtensibilityGlobals) = postSolution
		SolutionGuid = {1A342EE3-1548-4716-9DF0-1E872C104C19}
	EndGlobalSection
EndGlobal
